
Microsoft Visual Studio Solution File, Format Version 12.00
# Visual Studio Version 17
VisualStudioVersion = 17.7.34024.191
MinimumVisualStudioVersion = 10.0.40219.1
Project("{9A19103F-16F7-4668-BE54-9A1E7A4F7556}") = "PZ_6", "PZ_6\PZ_6.csproj", "{E73976EB-FD97-484E-82E7-D7D566FB333C}"
EndProject
Project("{9A19103F-16F7-4668-BE54-9A1E7A4F7556}") = "PZ_1", "PZ_1\PZ_1.csproj", "{87527C92-5E94-442D-A645-44E8AB0DFF81}"
EndProject
Project("{9A19103F-16F7-4668-BE54-9A1E7A4F7556}") = "PZ_2", "PZ_2\PZ_2.csproj", "{2B49F642-C5E2-46D3-A168-2B85787B9599}"
EndProject
Project("{9A19103F-16F7-4668-BE54-9A1E7A4F7556}") = "PZ_3", "PZ_3\PZ_3.csproj", "{9C8A1670-6AED-4352-88AB-A87E8EB83852}"
EndProject
Project("{9A19103F-16F7-4668-BE54-9A1E7A4F7556}") = "PZ_4_5", "PZ_4_5\PZ_4_5.csproj", "{40E48A06-E632-4C33-A054-B12DEA2AF076}"
EndProject
Project("{9A19103F-16F7-4668-BE54-9A1E7A4F7556}") = "PZ_7", "PZ_7\PZ_7.csproj", "{C2DC80CC-4B77-4ECF-A9A4-4E2C0A081C71}"
EndProject
Project("{9A19103F-16F7-4668-BE54-9A1E7A4F7556}") = "PZ_8", "PZ_8\PZ_8.csproj", "{F00C8ED8-F225-496D-9231-FA0934536B09}"
EndProject
Project("{9A19103F-16F7-4668-BE54-9A1E7A4F7556}") = "PZ_9", "PZ_9\PZ_9.csproj", "{20D2FB63-2BBC-42AD-B640-492D12F22969}"
EndProject
Project("{9A19103F-16F7-4668-BE54-9A1E7A4F7556}") = "PZ_10", "PZ_10\PZ_10.csproj", "{21B4E721-43A7-4FF0-9073-557FD5FD0E14}"
EndProject
Project("{9A19103F-16F7-4668-BE54-9A1E7A4F7556}") = "Methods", "Methods\Methods.csproj", "{B535B9ED-1550-4DEF-B00E-731B867FF3BA}"
EndProject
Project("{9A19103F-16F7-4668-BE54-9A1E7A4F7556}") = "PZ_11", "PZ_11\PZ_11.csproj", "{50E512F0-20CA-408B-AD71-7FD926C6108B}"
EndProject
Project("{9A19103F-16F7-4668-BE54-9A1E7A4F7556}") = "PZ_12", "PZ_12\PZ_12.csproj", "{83377EC4-5807-45B3-8276-2969534CBDAE}"
EndProject
Project("{9A19103F-16F7-4668-BE54-9A1E7A4F7556}") = "PZ_13", "PZ_13\PZ_13.csproj", "{C53A02D0-A2DD-432E-BF41-E916711EA9BC}"
EndProject
Project("{9A19103F-16F7-4668-BE54-9A1E7A4F7556}") = "PZ_14", "PZ_14\PZ_14.csproj", "{40C44D0D-F410-4905-B46A-7976D84B2207}"
EndProject
Project("{FAE04EC0-301F-11D3-BF4B-00C04F79EFBC}") = "PZ_15", "PZ_15\PZ_15.csproj", "{B6135C72-4B07-4C11-90D1-222A07B01DAB}"
EndProject
Global
	GlobalSection(SolutionConfigurationPlatforms) = preSolution
		Debug|Any CPU = Debug|Any CPU
		Release|Any CPU = Release|Any CPU
	EndGlobalSection
	GlobalSection(ProjectConfigurationPlatforms) = postSolution
		{E73976EB-FD97-484E-82E7-D7D566FB333C}.Debug|Any CPU.ActiveCfg = Debug|Any CPU
		{E73976EB-FD97-484E-82E7-D7D566FB333C}.Debug|Any CPU.Build.0 = Debug|Any CPU
		{E73976EB-FD97-484E-82E7-D7D566FB333C}.Release|Any CPU.ActiveCfg = Release|Any CPU
		{E73976EB-FD97-484E-82E7-D7D566FB333C}.Release|Any CPU.Build.0 = Release|Any CPU
		{87527C92-5E94-442D-A645-44E8AB0DFF81}.Debug|Any CPU.ActiveCfg = Debug|Any CPU
		{87527C92-5E94-442D-A645-44E8AB0DFF81}.Debug|Any CPU.Build.0 = Debug|Any CPU
		{87527C92-5E94-442D-A645-44E8AB0DFF81}.Release|Any CPU.ActiveCfg = Release|Any CPU
		{87527C92-5E94-442D-A645-44E8AB0DFF81}.Release|Any CPU.Build.0 = Release|Any CPU
		{2B49F642-C5E2-46D3-A168-2B85787B9599}.Debug|Any CPU.ActiveCfg = Debug|Any CPU
		{2B49F642-C5E2-46D3-A168-2B85787B9599}.Debug|Any CPU.Build.0 = Debug|Any CPU
		{2B49F642-C5E2-46D3-A168-2B85787B9599}.Release|Any CPU.ActiveCfg = Release|Any CPU
		{2B49F642-C5E2-46D3-A168-2B85787B9599}.Release|Any CPU.Build.0 = Release|Any CPU
		{9C8A1670-6AED-4352-88AB-A87E8EB83852}.Debug|Any CPU.ActiveCfg = Debug|Any CPU
		{9C8A1670-6AED-4352-88AB-A87E8EB83852}.Debug|Any CPU.Build.0 = Debug|Any CPU
		{9C8A1670-6AED-4352-88AB-A87E8EB83852}.Release|Any CPU.ActiveCfg = Release|Any CPU
		{9C8A1670-6AED-4352-88AB-A87E8EB83852}.Release|Any CPU.Build.0 = Release|Any CPU
		{40E48A06-E632-4C33-A054-B12DEA2AF076}.Debug|Any CPU.ActiveCfg = Debug|Any CPU
		{40E48A06-E632-4C33-A054-B12DEA2AF076}.Debug|Any CPU.Build.0 = Debug|Any CPU
		{40E48A06-E632-4C33-A054-B12DEA2AF076}.Release|Any CPU.ActiveCfg = Release|Any CPU
		{40E48A06-E632-4C33-A054-B12DEA2AF076}.Release|Any CPU.Build.0 = Release|Any CPU
		{C2DC80CC-4B77-4ECF-A9A4-4E2C0A081C71}.Debug|Any CPU.ActiveCfg = Debug|Any CPU
		{C2DC80CC-4B77-4ECF-A9A4-4E2C0A081C71}.Debug|Any CPU.Build.0 = Debug|Any CPU
		{C2DC80CC-4B77-4ECF-A9A4-4E2C0A081C71}.Release|Any CPU.ActiveCfg = Release|Any CPU
		{C2DC80CC-4B77-4ECF-A9A4-4E2C0A081C71}.Release|Any CPU.Build.0 = Release|Any CPU
		{F00C8ED8-F225-496D-9231-FA0934536B09}.Debug|Any CPU.ActiveCfg = Debug|Any CPU
		{F00C8ED8-F225-496D-9231-FA0934536B09}.Debug|Any CPU.Build.0 = Debug|Any CPU
		{F00C8ED8-F225-496D-9231-FA0934536B09}.Release|Any CPU.ActiveCfg = Release|Any CPU
		{F00C8ED8-F225-496D-9231-FA0934536B09}.Release|Any CPU.Build.0 = Release|Any CPU
		{20D2FB63-2BBC-42AD-B640-492D12F22969}.Debug|Any CPU.ActiveCfg = Debug|Any CPU
		{20D2FB63-2BBC-42AD-B640-492D12F22969}.Debug|Any CPU.Build.0 = Debug|Any CPU
		{20D2FB63-2BBC-42AD-B640-492D12F22969}.Release|Any CPU.ActiveCfg = Release|Any CPU
		{20D2FB63-2BBC-42AD-B640-492D12F22969}.Release|Any CPU.Build.0 = Release|Any CPU
		{21B4E721-43A7-4FF0-9073-557FD5FD0E14}.Debug|Any CPU.ActiveCfg = Debug|Any CPU
		{21B4E721-43A7-4FF0-9073-557FD5FD0E14}.Debug|Any CPU.Build.0 = Debug|Any CPU
		{21B4E721-43A7-4FF0-9073-557FD5FD0E14}.Release|Any CPU.ActiveCfg = Release|Any CPU
		{21B4E721-43A7-4FF0-9073-557FD5FD0E14}.Release|Any CPU.Build.0 = Release|Any CPU
		{B535B9ED-1550-4DEF-B00E-731B867FF3BA}.Debug|Any CPU.ActiveCfg = Debug|Any CPU
		{B535B9ED-1550-4DEF-B00E-731B867FF3BA}.Debug|Any CPU.Build.0 = Debug|Any CPU
		{B535B9ED-1550-4DEF-B00E-731B867FF3BA}.Release|Any CPU.ActiveCfg = Release|Any CPU
		{B535B9ED-1550-4DEF-B00E-731B867FF3BA}.Release|Any CPU.Build.0 = Release|Any CPU
		{50E512F0-20CA-408B-AD71-7FD926C6108B}.Debug|Any CPU.ActiveCfg = Debug|Any CPU
		{50E512F0-20CA-408B-AD71-7FD926C6108B}.Debug|Any CPU.Build.0 = Debug|Any CPU
		{50E512F0-20CA-408B-AD71-7FD926C6108B}.Release|Any CPU.ActiveCfg = Release|Any CPU
		{50E512F0-20CA-408B-AD71-7FD926C6108B}.Release|Any CPU.Build.0 = Release|Any CPU
		{83377EC4-5807-45B3-8276-2969534CBDAE}.Debug|Any CPU.ActiveCfg = Debug|Any CPU
		{83377EC4-5807-45B3-8276-2969534CBDAE}.Debug|Any CPU.Build.0 = Debug|Any CPU
		{83377EC4-5807-45B3-8276-2969534CBDAE}.Release|Any CPU.ActiveCfg = Release|Any CPU
		{83377EC4-5807-45B3-8276-2969534CBDAE}.Release|Any CPU.Build.0 = Release|Any CPU
		{C53A02D0-A2DD-432E-BF41-E916711EA9BC}.Debug|Any CPU.ActiveCfg = Debug|Any CPU
		{C53A02D0-A2DD-432E-BF41-E916711EA9BC}.Debug|Any CPU.Build.0 = Debug|Any CPU
		{C53A02D0-A2DD-432E-BF41-E916711EA9BC}.Release|Any CPU.ActiveCfg = Release|Any CPU
		{C53A02D0-A2DD-432E-BF41-E916711EA9BC}.Release|Any CPU.Build.0 = Release|Any CPU
		{40C44D0D-F410-4905-B46A-7976D84B2207}.Debug|Any CPU.ActiveCfg = Debug|Any CPU
		{40C44D0D-F410-4905-B46A-7976D84B2207}.Debug|Any CPU.Build.0 = Debug|Any CPU
		{40C44D0D-F410-4905-B46A-7976D84B2207}.Release|Any CPU.ActiveCfg = Release|Any CPU
		{40C44D0D-F410-4905-B46A-7976D84B2207}.Release|Any CPU.Build.0 = Release|Any CPU
		{B6135C72-4B07-4C11-90D1-222A07B01DAB}.Debug|Any CPU.ActiveCfg = Debug|Any CPU
		{B6135C72-4B07-4C11-90D1-222A07B01DAB}.Debug|Any CPU.Build.0 = Debug|Any CPU
		{B6135C72-4B07-4C11-90D1-222A07B01DAB}.Release|Any CPU.ActiveCfg = Release|Any CPU
		{B6135C72-4B07-4C11-90D1-222A07B01DAB}.Release|Any CPU.Build.0 = Release|Any CPU
	EndGlobalSection
	GlobalSection(SolutionProperties) = preSolution
		HideSolutionNode = FALSE
	EndGlobalSection
	GlobalSection(ExtensibilityGlobals) = postSolution
		SolutionGuid = {41F48CFB-F948-46C6-ADE8-5A0D2878EE22}
	EndGlobalSection
EndGlobal
