
Microsoft Visual Studio Solution File, Format Version 12.00
# Visual Studio Version 17
VisualStudioVersion = 17.7.34024.191
MinimumVisualStudioVersion = 10.0.40219.1
Project("{9A19103F-16F7-4668-BE54-9A1E7A4F7556}") = "PZ_6", "PZ_6\PZ_6.csproj", "{E73976EB-FD97-484E-82E7-D7D566FB333C}"
EndProject
Project("{9A19103F-16F7-4668-BE54-9A1E7A4F7556}") = "PZ_1", "PZ_1\PZ_1.csproj", "{87527C92-5E94-442D-A645-44E8AB0DFF81}"
EndProject
Project("{9A19103F-16F7-4668-BE54-9A1E7A4F7556}") = "PZ_2", "PZ_2\PZ_2.csproj", "{2B49F642-C5E2-46D3-A168-2B85787B9599}"
EndProject
Project("{9A19103F-16F7-4668-BE54-9A1E7A4F7556}") = "PZ_3", "PZ_3\PZ_3.csproj", "{9C8A1670-6AED-4352-88AB-A87E8EB83852}"
EndProject
Project("{9A19103F-16F7-4668-BE54-9A1E7A4F7556}") = "PZ_4_5", "PZ_4_5\PZ_4_5.csproj", "{40E48A06-E632-4C33-A054-B12DEA2AF076}"
EndProject
Project("{FAE04EC0-301F-11D3-BF4B-00C04F79EFBC}") = "PZ_7", "PZ_7\PZ_7.csproj", "{C2DC80CC-4B77-4ECF-A9A4-4E2C0A081C71}"
EndProject
Global
	GlobalSection(SolutionConfigurationPlatforms) = preSolution
		Debug|Any CPU = Debug|Any CPU
		Release|Any CPU = Release|Any CPU
	EndGlobalSection
	GlobalSection(ProjectConfigurationPlatforms) = postSolution
		{E73976EB-FD97-484E-82E7-D7D566FB333C}.Debug|Any CPU.ActiveCfg = Debug|Any CPU
		{E73976EB-FD97-484E-82E7-D7D566FB333C}.Debug|Any CPU.Build.0 = Debug|Any CPU
		{E73976EB-FD97-484E-82E7-D7D566FB333C}.Release|Any CPU.ActiveCfg = Release|Any CPU
		{E73976EB-FD97-484E-82E7-D7D566FB333C}.Release|Any CPU.Build.0 = Release|Any CPU
		{87527C92-5E94-442D-A645-44E8AB0DFF81}.Debug|Any CPU.ActiveCfg = Debug|Any CPU
		{87527C92-5E94-442D-A645-44E8AB0DFF81}.Debug|Any CPU.Build.0 = Debug|Any CPU
		{87527C92-5E94-442D-A645-44E8AB0DFF81}.Release|Any CPU.ActiveCfg = Release|Any CPU
		{87527C92-5E94-442D-A645-44E8AB0DFF81}.Release|Any CPU.Build.0 = Release|Any CPU
		{2B49F642-C5E2-46D3-A168-2B85787B9599}.Debug|Any CPU.ActiveCfg = Debug|Any CPU
		{2B49F642-C5E2-46D3-A168-2B85787B9599}.Debug|Any CPU.Build.0 = Debug|Any CPU
		{2B49F642-C5E2-46D3-A168-2B85787B9599}.Release|Any CPU.ActiveCfg = Release|Any CPU
		{2B49F642-C5E2-46D3-A168-2B85787B9599}.Release|Any CPU.Build.0 = Release|Any CPU
		{9C8A1670-6AED-4352-88AB-A87E8EB83852}.Debug|Any CPU.ActiveCfg = Debug|Any CPU
		{9C8A1670-6AED-4352-88AB-A87E8EB83852}.Debug|Any CPU.Build.0 = Debug|Any CPU
		{9C8A1670-6AED-4352-88AB-A87E8EB83852}.Release|Any CPU.ActiveCfg = Release|Any CPU
		{9C8A1670-6AED-4352-88AB-A87E8EB83852}.Release|Any CPU.Build.0 = Release|Any CPU
		{40E48A06-E632-4C33-A054-B12DEA2AF076}.Debug|Any CPU.ActiveCfg = Debug|Any CPU
		{40E48A06-E632-4C33-A054-B12DEA2AF076}.Debug|Any CPU.Build.0 = Debug|Any CPU
		{40E48A06-E632-4C33-A054-B12DEA2AF076}.Release|Any CPU.ActiveCfg = Release|Any CPU
		{40E48A06-E632-4C33-A054-B12DEA2AF076}.Release|Any CPU.Build.0 = Release|Any CPU
		{C2DC80CC-4B77-4ECF-A9A4-4E2C0A081C71}.Debug|Any CPU.ActiveCfg = Debug|Any CPU
		{C2DC80CC-4B77-4ECF-A9A4-4E2C0A081C71}.Debug|Any CPU.Build.0 = Debug|Any CPU
		{C2DC80CC-4B77-4ECF-A9A4-4E2C0A081C71}.Release|Any CPU.ActiveCfg = Release|Any CPU
		{C2DC80CC-4B77-4ECF-A9A4-4E2C0A081C71}.Release|Any CPU.Build.0 = Release|Any CPU
	EndGlobalSection
	GlobalSection(SolutionProperties) = preSolution
		HideSolutionNode = FALSE
	EndGlobalSection
	GlobalSection(ExtensibilityGlobals) = postSolution
		SolutionGuid = {41F48CFB-F948-46C6-ADE8-5A0D2878EE22}
	EndGlobalSection
EndGlobal
